
Microsoft Visual Studio Solution File, Format Version 12.00
# Visual Studio Version 17
VisualStudioVersion = 17.11.35219.272
MinimumVisualStudioVersion = 10.0.40219.1
Project("{2150E333-8FDC-42A3-9474-1A3956D46DE8}") = "src", "src", "{98AC7FF4-E1F6-4A42-ACFC-30C7C2D4D948}"
EndProject
Project("{2150E333-8FDC-42A3-9474-1A3956D46DE8}") = "tests", "tests", "{6542016B-8B26-4CA4-A0A5-A486D91B0F5C}"
EndProject
Project("{9A19103F-16F7-4668-BE54-9A1E7A4F7556}") = "Application", "src\Application\Application.csproj", "{F33C9B04-25DA-47BA-BD2F-417415E920B8}"
EndProject
Project("{9A19103F-16F7-4668-BE54-9A1E7A4F7556}") = "Web.Server.Tests", "test\Web.Server.Tests\Web.Server.Tests.csproj", "{FB5B2C8C-C820-4BF1-96C5-27DC068DD986}"
EndProject
Project("{9A19103F-16F7-4668-BE54-9A1E7A4F7556}") = "Web.Server", "src\Web.Server\Web.Server.csproj", "{8147D853-3B45-4EA6-A114-ECA87BBB9AAF}"
EndProject
Project("{9A19103F-16F7-4668-BE54-9A1E7A4F7556}") = "Domain", "src\Domain\Domain.csproj", "{C691D1FF-8DF7-4F4A-BAE0-F8A9A701055C}"
EndProject
Project("{9A19103F-16F7-4668-BE54-9A1E7A4F7556}") = "Infrastructure", "src\Infrastructure\Infrastructure.csproj", "{21B81DFD-446B-45A7-BFAB-0A4608601D15}"
EndProject
Project("{9A19103F-16F7-4668-BE54-9A1E7A4F7556}") = "Application.Tests", "test\Application.Tests\Application.Tests.csproj", "{F3597191-4282-4575-8281-35C34976DA80}"
EndProject
Project("{9A19103F-16F7-4668-BE54-9A1E7A4F7556}") = "Domain.Tests", "test\Domain.Tests\Domain.Tests.csproj", "{A83C637C-EAF2-44EA-A2FA-30C4EB8480E5}"
EndProject
Project("{9A19103F-16F7-4668-BE54-9A1E7A4F7556}") = "Infrastructure.Tests", "test\Infrastructure.Tests\Infrastructure.Tests.csproj", "{D678209C-1657-4367-8C06-401BEAFA237A}"
EndProject
Global
	GlobalSection(SolutionConfigurationPlatforms) = preSolution
		Debug|Any CPU = Debug|Any CPU
		Release|Any CPU = Release|Any CPU
	EndGlobalSection
	GlobalSection(ProjectConfigurationPlatforms) = postSolution
		{F33C9B04-25DA-47BA-BD2F-417415E920B8}.Debug|Any CPU.ActiveCfg = Debug|Any CPU
		{F33C9B04-25DA-47BA-BD2F-417415E920B8}.Debug|Any CPU.Build.0 = Debug|Any CPU
		{F33C9B04-25DA-47BA-BD2F-417415E920B8}.Release|Any CPU.ActiveCfg = Release|Any CPU
		{F33C9B04-25DA-47BA-BD2F-417415E920B8}.Release|Any CPU.Build.0 = Release|Any CPU
		{FB5B2C8C-C820-4BF1-96C5-27DC068DD986}.Debug|Any CPU.ActiveCfg = Debug|Any CPU
		{FB5B2C8C-C820-4BF1-96C5-27DC068DD986}.Debug|Any CPU.Build.0 = Debug|Any CPU
		{FB5B2C8C-C820-4BF1-96C5-27DC068DD986}.Release|Any CPU.ActiveCfg = Release|Any CPU
		{FB5B2C8C-C820-4BF1-96C5-27DC068DD986}.Release|Any CPU.Build.0 = Release|Any CPU
		{8147D853-3B45-4EA6-A114-ECA87BBB9AAF}.Debug|Any CPU.ActiveCfg = Debug|Any CPU
		{8147D853-3B45-4EA6-A114-ECA87BBB9AAF}.Debug|Any CPU.Build.0 = Debug|Any CPU
		{8147D853-3B45-4EA6-A114-ECA87BBB9AAF}.Release|Any CPU.ActiveCfg = Release|Any CPU
		{8147D853-3B45-4EA6-A114-ECA87BBB9AAF}.Release|Any CPU.Build.0 = Release|Any CPU
		{C691D1FF-8DF7-4F4A-BAE0-F8A9A701055C}.Debug|Any CPU.ActiveCfg = Debug|Any CPU
		{C691D1FF-8DF7-4F4A-BAE0-F8A9A701055C}.Debug|Any CPU.Build.0 = Debug|Any CPU
		{C691D1FF-8DF7-4F4A-BAE0-F8A9A701055C}.Release|Any CPU.ActiveCfg = Release|Any CPU
		{C691D1FF-8DF7-4F4A-BAE0-F8A9A701055C}.Release|Any CPU.Build.0 = Release|Any CPU
		{21B81DFD-446B-45A7-BFAB-0A4608601D15}.Debug|Any CPU.ActiveCfg = Debug|Any CPU
		{21B81DFD-446B-45A7-BFAB-0A4608601D15}.Debug|Any CPU.Build.0 = Debug|Any CPU
		{21B81DFD-446B-45A7-BFAB-0A4608601D15}.Release|Any CPU.ActiveCfg = Release|Any CPU
		{21B81DFD-446B-45A7-BFAB-0A4608601D15}.Release|Any CPU.Build.0 = Release|Any CPU
		{F3597191-4282-4575-8281-35C34976DA80}.Debug|Any CPU.ActiveCfg = Debug|Any CPU
		{F3597191-4282-4575-8281-35C34976DA80}.Debug|Any CPU.Build.0 = Debug|Any CPU
		{F3597191-4282-4575-8281-35C34976DA80}.Release|Any CPU.ActiveCfg = Release|Any CPU
		{F3597191-4282-4575-8281-35C34976DA80}.Release|Any CPU.Build.0 = Release|Any CPU
		{A83C637C-EAF2-44EA-A2FA-30C4EB8480E5}.Debug|Any CPU.ActiveCfg = Debug|Any CPU
		{A83C637C-EAF2-44EA-A2FA-30C4EB8480E5}.Debug|Any CPU.Build.0 = Debug|Any CPU
		{A83C637C-EAF2-44EA-A2FA-30C4EB8480E5}.Release|Any CPU.ActiveCfg = Release|Any CPU
		{A83C637C-EAF2-44EA-A2FA-30C4EB8480E5}.Release|Any CPU.Build.0 = Release|Any CPU
		{D678209C-1657-4367-8C06-401BEAFA237A}.Debug|Any CPU.ActiveCfg = Debug|Any CPU
		{D678209C-1657-4367-8C06-401BEAFA237A}.Debug|Any CPU.Build.0 = Debug|Any CPU
		{D678209C-1657-4367-8C06-401BEAFA237A}.Release|Any CPU.ActiveCfg = Release|Any CPU
		{D678209C-1657-4367-8C06-401BEAFA237A}.Release|Any CPU.Build.0 = Release|Any CPU
	EndGlobalSection
	GlobalSection(SolutionProperties) = preSolution
		HideSolutionNode = FALSE
	EndGlobalSection
	GlobalSection(NestedProjects) = preSolution
		{F33C9B04-25DA-47BA-BD2F-417415E920B8} = {98AC7FF4-E1F6-4A42-ACFC-30C7C2D4D948}
		{FB5B2C8C-C820-4BF1-96C5-27DC068DD986} = {6542016B-8B26-4CA4-A0A5-A486D91B0F5C}
		{8147D853-3B45-4EA6-A114-ECA87BBB9AAF} = {98AC7FF4-E1F6-4A42-ACFC-30C7C2D4D948}
		{C691D1FF-8DF7-4F4A-BAE0-F8A9A701055C} = {98AC7FF4-E1F6-4A42-ACFC-30C7C2D4D948}
		{21B81DFD-446B-45A7-BFAB-0A4608601D15} = {98AC7FF4-E1F6-4A42-ACFC-30C7C2D4D948}
		{F3597191-4282-4575-8281-35C34976DA80} = {6542016B-8B26-4CA4-A0A5-A486D91B0F5C}
		{A83C637C-EAF2-44EA-A2FA-30C4EB8480E5} = {6542016B-8B26-4CA4-A0A5-A486D91B0F5C}
		{D678209C-1657-4367-8C06-401BEAFA237A} = {6542016B-8B26-4CA4-A0A5-A486D91B0F5C}
	EndGlobalSection
	GlobalSection(ExtensibilityGlobals) = postSolution
		SolutionGuid = {5E3BD95B-4DC7-4D24-AD70-C991DF6A45DB}
	EndGlobalSection
EndGlobal
